<?xml version="1.0" encoding="utf-8"?>
<Project ToolsVersion="4.0" xmlns="http://schemas.microsoft.com/developer/msbuild/2003">
  <ItemGroup>
    <Filter Include="Source Files">
      <UniqueIdentifier>{2f292304-4405-4d82-8b5f-48230bb53e80}</UniqueIdentifier>
      <Extensions>cpp;c;cxx;rc;def;r;odl;idl;hpj;bat</Extensions>
    </Filter>
    <Filter Include="Header Files">
      <UniqueIdentifier>{22c39b31-85e1-4fe6-b3d5-43ee287d43f9}</UniqueIdentifier>
      <Extensions>h;hpp;hxx;hm;inl</Extensions>
    </Filter>
  </ItemGroup>
  <ItemGroup>
    <ClCompile Include="debug.cpp">
      <Filter>Source Files</Filter>
    </ClCompile>
    <ClCompile Include="getopt.c">
      <Filter>Source Files</Filter>
    </ClCompile>
    <ClCompile Include="Stackwalker.cpp">
      <Filter>Source Files</Filter>
    </ClCompile>
    <ClCompile Include="SystemMessage.cpp">
      <Filter>Source Files</Filter>
    </ClCompile>
    <ClCompile Include="tgetopt.c">
      <Filter>Source Files</Filter>
    </ClCompile>
  </ItemGroup>
  <ItemGroup>
    <ClInclude Include="debug.h">
      <Filter>Header Files</Filter>
    </ClInclude>
    <ClInclude Include="getopt.h">
      <Filter>Header Files</Filter>
    </ClInclude>
    <ClInclude Include="Optimize.h">
      <Filter>Header Files</Filter>
    </ClInclude>
    <ClInclude Include="shlink.h">
      <Filter>Header Files</Filter>
    </ClInclude>
    <ClInclude Include="Stackwalker.h">
      <Filter>Header Files</Filter>
    </ClInclude>
    <ClInclude Include="SystemMessage.h">
      <Filter>Header Files</Filter>
    </ClInclude>
    <ClInclude Include="tgetopt.h">
      <Filter>Header Files</Filter>
    </ClInclude>
    <ClInclude Include="tstl.h">
      <Filter>Header Files</Filter>
    </ClInclude>
    <ClInclude Include="version.hpp">
      <Filter>Header Files</Filter>
    </ClInclude>
  </ItemGroup>
</Project>